Microsoft Visual Studio Solution File, Format Version 12.00
# Visual Studio Version 17
VisualStudioVersion = 17.5.2.0
MinimumVisualStudioVersion = 10.0.40219.1
Project("{FAE04EC0-301F-11D3-BF4B-00C04F79EFBC}") = "PatternMatching", "PatternMatching.csproj", "{7BFBCBC6-266B-ACE1-36F7-BAA2C1FF4B6A}"
EndProject
Global
	GlobalSection(SolutionConfigurationPlatforms) = preSolution
		Debug|Any CPU = Debug|Any CPU
		Release|Any CPU = Release|Any CPU
	EndGlobalSection
	GlobalSection(ProjectConfigurationPlatforms) = postSolution
		{7BFBCBC6-266B-ACE1-36F7-BAA2C1FF4B6A}.Debug|Any CPU.ActiveCfg = Debug|Any CPU
		{7BFBCBC6-266B-ACE1-36F7-BAA2C1FF4B6A}.Debug|Any CPU.Build.0 = Debug|Any CPU
		{7BFBCBC6-266B-ACE1-36F7-BAA2C1FF4B6A}.Release|Any CPU.ActiveCfg = Release|Any CPU
		{7BFBCBC6-266B-ACE1-36F7-BAA2C1FF4B6A}.Release|Any CPU.Build.0 = Release|Any CPU
	EndGlobalSection
	GlobalSection(SolutionProperties) = preSolution
		HideSolutionNode = FALSE
	EndGlobalSection
	GlobalSection(ExtensibilityGlobals) = postSolution
		SolutionGuid = {98FE997F-D7D4-4E50-8401-0FB0888F0A20}
	EndGlobalSection
EndGlobal
