
Microsoft Visual Studio Solution File, Format Version 12.00
# Visual Studio Version 17
VisualStudioVersion = 17.5.002.0
MinimumVisualStudioVersion = 10.0.40219.1
Project("{9A19103F-16F7-4668-BE54-9A1E7A4F7556}") = "Console", "Console.csproj", "{FAAF3C05-5EEE-4E1B-80B9-3D8DAC3C8D9B}"
EndProject
Global
	GlobalSection(SolutionConfigurationPlatforms) = preSolution
		Debug|Any CPU = Debug|Any CPU
		Release|Any CPU = Release|Any CPU
	EndGlobalSection
	GlobalSection(ProjectConfigurationPlatforms) = postSolution
		{FAAF3C05-5EEE-4E1B-80B9-3D8DAC3C8D9B}.Debug|Any CPU.ActiveCfg = Debug|Any CPU
		{FAAF3C05-5EEE-4E1B-80B9-3D8DAC3C8D9B}.Debug|Any CPU.Build.0 = Debug|Any CPU
		{FAAF3C05-5EEE-4E1B-80B9-3D8DAC3C8D9B}.Release|Any CPU.ActiveCfg = Release|Any CPU
		{FAAF3C05-5EEE-4E1B-80B9-3D8DAC3C8D9B}.Release|Any CPU.Build.0 = Release|Any CPU
	EndGlobalSection
	GlobalSection(SolutionProperties) = preSolution
		HideSolutionNode = FALSE
	EndGlobalSection
	GlobalSection(ExtensibilityGlobals) = postSolution
		SolutionGuid = {26404D2D-F949-4D3A-9345-A2122CB10F9B}
	EndGlobalSection
EndGlobal
